
Microsoft Visual Studio Solution File, Format Version 12.00
# Visual Studio Version 16
VisualStudioVersion = 16.0.31019.35
MinimumVisualStudioVersion = 10.0.40219.1
Project("{FAE04EC0-301F-11D3-BF4B-00C04F79EFBC}") = "UI", "Ex05_UI\UI.csproj", "{59BC8A4D-37BC-4283-BC63-D35B0D975AA3}"
EndProject
Project("{FAE04EC0-301F-11D3-BF4B-00C04F79EFBC}") = "Logic", "Ex05_Logic\Logic.csproj", "{2B87EE46-1665-4026-8E9F-ADA3722289AB}"
EndProject
Project("{2150E333-8FDC-42A3-9474-1A3956D46DE8}") = "Solution Items", "Solution Items", "{9836793F-61B7-45CC-9972-D53EC8A4149D}"
	ProjectSection(SolutionItems) = preProject
		click.wav = click.wav
		Ex05_SubmissionDetails.txt = Ex05_SubmissionDetails.txt
		win.wav = win.wav
	EndProjectSection
EndProject
Global
	GlobalSection(SolutionConfigurationPlatforms) = preSolution
		Debug|Any CPU = Debug|Any CPU
		Release|Any CPU = Release|Any CPU
	EndGlobalSection
	GlobalSection(ProjectConfigurationPlatforms) = postSolution
		{59BC8A4D-37BC-4283-BC63-D35B0D975AA3}.Debug|Any CPU.ActiveCfg = Debug|Any CPU
		{59BC8A4D-37BC-4283-BC63-D35B0D975AA3}.Debug|Any CPU.Build.0 = Debug|Any CPU
		{59BC8A4D-37BC-4283-BC63-D35B0D975AA3}.Release|Any CPU.ActiveCfg = Release|Any CPU
		{59BC8A4D-37BC-4283-BC63-D35B0D975AA3}.Release|Any CPU.Build.0 = Release|Any CPU
		{2B87EE46-1665-4026-8E9F-ADA3722289AB}.Debug|Any CPU.ActiveCfg = Debug|Any CPU
		{2B87EE46-1665-4026-8E9F-ADA3722289AB}.Debug|Any CPU.Build.0 = Debug|Any CPU
		{2B87EE46-1665-4026-8E9F-ADA3722289AB}.Release|Any CPU.ActiveCfg = Release|Any CPU
		{2B87EE46-1665-4026-8E9F-ADA3722289AB}.Release|Any CPU.Build.0 = Release|Any CPU
	EndGlobalSection
	GlobalSection(SolutionProperties) = preSolution
		HideSolutionNode = FALSE
	EndGlobalSection
	GlobalSection(ExtensibilityGlobals) = postSolution
		SolutionGuid = {83119C42-416E-4ABF-9F88-1098C62B5123}
	EndGlobalSection
EndGlobal
